
Microsoft Visual Studio Solution File, Format Version 12.00
# Visual Studio 2012
Project("{FAE04EC0-301F-11D3-BF4B-00C04F79EFBC}") = "GYM", "GYM\GYM.csproj", "{569EEA87-9219-4EA3-B5AD-122B5797A658}"
EndProject
Global
	GlobalSection(SolutionConfigurationPlatforms) = preSolution
		Debug|Any CPU = Debug|Any CPU
		Release|Any CPU = Release|Any CPU
	EndGlobalSection
	GlobalSection(ProjectConfigurationPlatforms) = postSolution
		{569EEA87-9219-4EA3-B5AD-122B5797A658}.Debug|Any CPU.ActiveCfg = Debug|Any CPU
		{569EEA87-9219-4EA3-B5AD-122B5797A658}.Debug|Any CPU.Build.0 = Debug|Any CPU
		{569EEA87-9219-4EA3-B5AD-122B5797A658}.Release|Any CPU.ActiveCfg = Release|Any CPU
		{569EEA87-9219-4EA3-B5AD-122B5797A658}.Release|Any CPU.Build.0 = Release|Any CPU
	EndGlobalSection
	GlobalSection(SolutionProperties) = preSolution
		HideSolutionNode = FALSE
	EndGlobalSection
EndGlobal
